speakeasyVersion: 1.501.0
sources:
    Zillow Property Extended Search API:
        sourceNamespace: zillow-property-extended-search-api
        sourceRevisionDigest: sha256:ec0221ad2a1721fb56173710c1345fb2df5d61285b4bf0634c99b3491ea5ac33
        sourceBlobDigest: sha256:3b6d2909978f1939ac8d1ec9c491faecd1f390effaca82f7d748c0ecf473d326
        tags:
            - latest
            - speakeasy-sdk-regen-1740273400
            - 1.0.0
targets:
    zillow-rapidapi-client:
        source: Zillow Property Extended Search API
        sourceNamespace: zillow-property-extended-search-api
        sourceRevisionDigest: sha256:ec0221ad2a1721fb56173710c1345fb2df5d61285b4bf0634c99b3491ea5ac33
        sourceBlobDigest: sha256:3b6d2909978f1939ac8d1ec9c491faecd1f390effaca82f7d748c0ecf473d326
        codeSamplesNamespace: zillow-property-extended-search-api-python-code-samples
        codeSamplesRevisionDigest: sha256:5d9d673876c998deb50c7e2d2bee4007875ab9d72d974afb552d5b6490883de0
workflow:
    workflowVersion: 1.0.0
    speakeasyVersion: latest
    sources:
        Zillow Property Extended Search API:
            inputs:
                - location: openapi.yml
            overlays:
                - location: .speakeasy/speakeasy-modifications-overlay.yaml
            registry:
                location: registry.speakeasyapi.dev/adityaprakash-work/client-packages/zillow-property-extended-search-api
    targets:
        zillow-rapidapi-client:
            target: python
            source: Zillow Property Extended Search API
            codeSamples:
                registry:
                    location: registry.speakeasyapi.dev/adityaprakash-work/client-packages/zillow-property-extended-search-api-python-code-samples
                labelOverride:
                    fixedValue: Python (SDK)
                blocking: false
