speakeasyVersion: 1.502.0
sources:
    Zillow Property Extended Search API:
        sourceNamespace: zillow-property-extended-search-api
        sourceRevisionDigest: sha256:e0de7ad7eb49ad4c3b50e40645b2a0fea7af062da1b1fc0368e1adedb9b92e30
        sourceBlobDigest: sha256:abfd5c7cd4b18231dcfbb5df9f47efb050b248ad998aa73f3c153d3266b16812
        tags:
            - latest
            - speakeasy-sdk-regen-1740446014
            - 1.0.0
targets:
    zillow-rapidapi-client:
        source: Zillow Property Extended Search API
        sourceNamespace: zillow-property-extended-search-api
        sourceRevisionDigest: sha256:e0de7ad7eb49ad4c3b50e40645b2a0fea7af062da1b1fc0368e1adedb9b92e30
        sourceBlobDigest: sha256:abfd5c7cd4b18231dcfbb5df9f47efb050b248ad998aa73f3c153d3266b16812
        codeSamplesNamespace: zillow-property-extended-search-api-python-code-samples
        codeSamplesRevisionDigest: sha256:f5d537c87887b7aa87f24b7a7a0c32e0a2bc4d14459532de8d21fa8142f26d18
workflow:
    workflowVersion: 1.0.0
    speakeasyVersion: latest
    sources:
        Zillow Property Extended Search API:
            inputs:
                - location: openapi.yml
            overlays:
                - location: .speakeasy/speakeasy-modifications-overlay.yaml
            registry:
                location: registry.speakeasyapi.dev/adityaprakash-work/client-packages/zillow-property-extended-search-api
    targets:
        zillow-rapidapi-client:
            target: python
            source: Zillow Property Extended Search API
            publish:
                pypi:
                    token: $pypi_token
            codeSamples:
                registry:
                    location: registry.speakeasyapi.dev/adityaprakash-work/client-packages/zillow-property-extended-search-api-python-code-samples
                labelOverride:
                    fixedValue: Python (SDK)
                blocking: false
